
Microsoft Visual Studio Solution File, Format Version 12.00
# Visual Studio Version 17
VisualStudioVersion = 17.10.35122.118
MinimumVisualStudioVersion = 10.0.40219.1
Project("{FAE04EC0-301F-11D3-BF4B-00C04F79EFBC}") = "WeatherStationSimulator", "WeatherStationSimulator\WeatherStationSimulator.csproj", "{A427B632-B580-4AE1-B22C-C3B3B2CAA0DB}"
EndProject
Global
	GlobalSection(SolutionConfigurationPlatforms) = preSolution
		Debug|Any CPU = Debug|Any CPU
		Release|Any CPU = Release|Any CPU
	EndGlobalSection
	GlobalSection(ProjectConfigurationPlatforms) = postSolution
		{A427B632-B580-4AE1-B22C-C3B3B2CAA0DB}.Debug|Any CPU.ActiveCfg = Debug|Any CPU
		{A427B632-B580-4AE1-B22C-C3B3B2CAA0DB}.Debug|Any CPU.Build.0 = Debug|Any CPU
		{A427B632-B580-4AE1-B22C-C3B3B2CAA0DB}.Release|Any CPU.ActiveCfg = Release|Any CPU
		{A427B632-B580-4AE1-B22C-C3B3B2CAA0DB}.Release|Any CPU.Build.0 = Release|Any CPU
	EndGlobalSection
	GlobalSection(SolutionProperties) = preSolution
		HideSolutionNode = FALSE
	EndGlobalSection
	GlobalSection(ExtensibilityGlobals) = postSolution
		SolutionGuid = {0AE0D78F-E328-4E97-B262-381CD0F5B2BF}
	EndGlobalSection
EndGlobal
